
Microsoft Visual Studio Solution File, Format Version 12.00
# Visual Studio Version 17
VisualStudioVersion = 17.0.31903.59
MinimumVisualStudioVersion = 10.0.40219.1
Project("{2150E333-8FDC-42A3-9474-1A3956D46DE8}") = "src", "src", "{827E0CD3-B72D-47B6-A68D-7590B98EB39B}"
EndProject
Project("{FAE04EC0-301F-11D3-BF4B-00C04F79EFBC}") = "DatadogNet.Core.iOS", "src\DatadogNet.Core.iOS\DatadogNet.Core.iOS.csproj", "{2AC96ED9-BE17-4201-A89F-8832C23C07E0}"
EndProject
Project("{FAE04EC0-301F-11D3-BF4B-00C04F79EFBC}") = "DatadogNet.CrashReporting.iOS", "src\DatadogNet.CrashReporting.iOS\DatadogNet.CrashReporting.iOS.csproj", "{F5AFA73D-050C-46CF-8345-537B15CA8022}"
EndProject
Project("{FAE04EC0-301F-11D3-BF4B-00C04F79EFBC}") = "DatadogNet.Internal.iOS", "src\DatadogNet.Internal.iOS\DatadogNet.Internal.iOS.csproj", "{CB4B3CFE-99F1-4228-944B-F51F17E2CFA5}"
EndProject
Project("{FAE04EC0-301F-11D3-BF4B-00C04F79EFBC}") = "DatadogNet.Logs.iOS", "src\DatadogNet.Logs.iOS\DatadogNet.Logs.iOS.csproj", "{D01DE9B5-315C-47A1-88BC-705999DD3140}"
EndProject
Project("{FAE04EC0-301F-11D3-BF4B-00C04F79EFBC}") = "DatadogNet.Objc.iOS", "src\DatadogNet.Objc.iOS\DatadogNet.Objc.iOS.csproj", "{7D262AA2-6FCA-4F6A-B93E-0C9157ECECEC}"
EndProject
Project("{FAE04EC0-301F-11D3-BF4B-00C04F79EFBC}") = "DatadogNet.OpenTelemetryApi.iOS", "src\DatadogNet.OpenTelemetryApi.iOS\DatadogNet.OpenTelemetryApi.iOS.csproj", "{6FCE1DBE-2965-4535-A3AD-A4903B2F2775}"
EndProject
Project("{FAE04EC0-301F-11D3-BF4B-00C04F79EFBC}") = "DatadogNet.RUM.iOS", "src\DatadogNet.RUM.iOS\DatadogNet.RUM.iOS.csproj", "{5E6F3736-56B2-4DC4-B57E-5A339E4C1DB8}"
EndProject
Project("{FAE04EC0-301F-11D3-BF4B-00C04F79EFBC}") = "DatadogNet.SessionReplay.iOS", "src\DatadogNet.SessionReplay.iOS\DatadogNet.SessionReplay.iOS.csproj", "{8A7CBEC4-970E-4032-A83A-C39EC349E2E3}"
EndProject
Project("{FAE04EC0-301F-11D3-BF4B-00C04F79EFBC}") = "DatadogNet.Trace.iOS", "src\DatadogNet.Trace.iOS\DatadogNet.Trace.iOS.csproj", "{00BF48BC-15B6-4708-A819-B4F0374E05BF}"
EndProject
Project("{FAE04EC0-301F-11D3-BF4B-00C04F79EFBC}") = "DatadogNet.WebViewTracking.iOS", "src\DatadogNet.WebViewTracking.iOS\DatadogNet.WebViewTracking.iOS.csproj", "{36B2500C-19EB-4736-A112-10796ADFDA7A}"
EndProject
Project("{FAE04EC0-301F-11D3-BF4B-00C04F79EFBC}") = "DatadogNet.iOS.DeviceTests", "tests\DatadogNet.iOS.DeviceTests\DatadogNet.iOS.DeviceTests.csproj", "{57699435-10EC-4CA1-983D-9E2E3A43AF47}"
EndProject
Project("{FAE04EC0-301F-11D3-BF4B-00C04F79EFBC}") = "DatadogNet.iOS.PackageTests", "tests\DatadogNet.iOS.PackageTests\DatadogNet.iOS.PackageTests.csproj", "{06A389A7-C3A1-4376-9A70-9CDC8523B026}"
EndProject
Project("{FAE04EC0-301F-11D3-BF4B-00C04F79EFBC}") = "DatadogNet.Flags.iOS", "src\DatadogNet.Flags.iOS\DatadogNet.Flags.iOS.csproj", "{573CD60D-C97D-4DDF-AA99-4437660167B3}"
EndProject
Project("{FAE04EC0-301F-11D3-BF4B-00C04F79EFBC}") = "DatadogNet.Profiling.iOS", "src\DatadogNet.Profiling.iOS\DatadogNet.Profiling.iOS.csproj", "{463E235B-6173-498D-A78B-4BE9A6834A6E}"
EndProject
Global
	GlobalSection(SolutionConfigurationPlatforms) = preSolution
		Debug|Any CPU = Debug|Any CPU
		Debug|x64 = Debug|x64
		Debug|x86 = Debug|x86
		Release|Any CPU = Release|Any CPU
		Release|x64 = Release|x64
		Release|x86 = Release|x86
	EndGlobalSection
	GlobalSection(ProjectConfigurationPlatforms) = postSolution
		{2AC96ED9-BE17-4201-A89F-8832C23C07E0}.Debug|Any CPU.ActiveCfg = Debug|Any CPU
		{2AC96ED9-BE17-4201-A89F-8832C23C07E0}.Debug|Any CPU.Build.0 = Debug|Any CPU
		{2AC96ED9-BE17-4201-A89F-8832C23C07E0}.Debug|x64.ActiveCfg = Debug|Any CPU
		{2AC96ED9-BE17-4201-A89F-8832C23C07E0}.Debug|x64.Build.0 = Debug|Any CPU
		{2AC96ED9-BE17-4201-A89F-8832C23C07E0}.Debug|x86.ActiveCfg = Debug|Any CPU
		{2AC96ED9-BE17-4201-A89F-8832C23C07E0}.Debug|x86.Build.0 = Debug|Any CPU
		{2AC96ED9-BE17-4201-A89F-8832C23C07E0}.Release|Any CPU.ActiveCfg = Release|Any CPU
		{2AC96ED9-BE17-4201-A89F-8832C23C07E0}.Release|Any CPU.Build.0 = Release|Any CPU
		{2AC96ED9-BE17-4201-A89F-8832C23C07E0}.Release|x64.ActiveCfg = Release|Any CPU
		{2AC96ED9-BE17-4201-A89F-8832C23C07E0}.Release|x64.Build.0 = Release|Any CPU
		{2AC96ED9-BE17-4201-A89F-8832C23C07E0}.Release|x86.ActiveCfg = Release|Any CPU
		{2AC96ED9-BE17-4201-A89F-8832C23C07E0}.Release|x86.Build.0 = Release|Any CPU
		{F5AFA73D-050C-46CF-8345-537B15CA8022}.Debug|Any CPU.ActiveCfg = Debug|Any CPU
		{F5AFA73D-050C-46CF-8345-537B15CA8022}.Debug|Any CPU.Build.0 = Debug|Any CPU
		{F5AFA73D-050C-46CF-8345-537B15CA8022}.Debug|x64.ActiveCfg = Debug|Any CPU
		{F5AFA73D-050C-46CF-8345-537B15CA8022}.Debug|x64.Build.0 = Debug|Any CPU
		{F5AFA73D-050C-46CF-8345-537B15CA8022}.Debug|x86.ActiveCfg = Debug|Any CPU
		{F5AFA73D-050C-46CF-8345-537B15CA8022}.Debug|x86.Build.0 = Debug|Any CPU
		{F5AFA73D-050C-46CF-8345-537B15CA8022}.Release|Any CPU.ActiveCfg = Release|Any CPU
		{F5AFA73D-050C-46CF-8345-537B15CA8022}.Release|Any CPU.Build.0 = Release|Any CPU
		{F5AFA73D-050C-46CF-8345-537B15CA8022}.Release|x64.ActiveCfg = Release|Any CPU
		{F5AFA73D-050C-46CF-8345-537B15CA8022}.Release|x64.Build.0 = Release|Any CPU
		{F5AFA73D-050C-46CF-8345-537B15CA8022}.Release|x86.ActiveCfg = Release|Any CPU
		{F5AFA73D-050C-46CF-8345-537B15CA8022}.Release|x86.Build.0 = Release|Any CPU
		{CB4B3CFE-99F1-4228-944B-F51F17E2CFA5}.Debug|Any CPU.ActiveCfg = Debug|Any CPU
		{CB4B3CFE-99F1-4228-944B-F51F17E2CFA5}.Debug|Any CPU.Build.0 = Debug|Any CPU
		{CB4B3CFE-99F1-4228-944B-F51F17E2CFA5}.Debug|x64.ActiveCfg = Debug|Any CPU
		{CB4B3CFE-99F1-4228-944B-F51F17E2CFA5}.Debug|x64.Build.0 = Debug|Any CPU
		{CB4B3CFE-99F1-4228-944B-F51F17E2CFA5}.Debug|x86.ActiveCfg = Debug|Any CPU
		{CB4B3CFE-99F1-4228-944B-F51F17E2CFA5}.Debug|x86.Build.0 = Debug|Any CPU
		{CB4B3CFE-99F1-4228-944B-F51F17E2CFA5}.Release|Any CPU.ActiveCfg = Release|Any CPU
		{CB4B3CFE-99F1-4228-944B-F51F17E2CFA5}.Release|Any CPU.Build.0 = Release|Any CPU
		{CB4B3CFE-99F1-4228-944B-F51F17E2CFA5}.Release|x64.ActiveCfg = Release|Any CPU
		{CB4B3CFE-99F1-4228-944B-F51F17E2CFA5}.Release|x64.Build.0 = Release|Any CPU
		{CB4B3CFE-99F1-4228-944B-F51F17E2CFA5}.Release|x86.ActiveCfg = Release|Any CPU
		{CB4B3CFE-99F1-4228-944B-F51F17E2CFA5}.Release|x86.Build.0 = Release|Any CPU
		{D01DE9B5-315C-47A1-88BC-705999DD3140}.Debug|Any CPU.ActiveCfg = Debug|Any CPU
		{D01DE9B5-315C-47A1-88BC-705999DD3140}.Debug|Any CPU.Build.0 = Debug|Any CPU
		{D01DE9B5-315C-47A1-88BC-705999DD3140}.Debug|x64.ActiveCfg = Debug|Any CPU
		{D01DE9B5-315C-47A1-88BC-705999DD3140}.Debug|x64.Build.0 = Debug|Any CPU
		{D01DE9B5-315C-47A1-88BC-705999DD3140}.Debug|x86.ActiveCfg = Debug|Any CPU
		{D01DE9B5-315C-47A1-88BC-705999DD3140}.Debug|x86.Build.0 = Debug|Any CPU
		{D01DE9B5-315C-47A1-88BC-705999DD3140}.Release|Any CPU.ActiveCfg = Release|Any CPU
		{D01DE9B5-315C-47A1-88BC-705999DD3140}.Release|Any CPU.Build.0 = Release|Any CPU
		{D01DE9B5-315C-47A1-88BC-705999DD3140}.Release|x64.ActiveCfg = Release|Any CPU
		{D01DE9B5-315C-47A1-88BC-705999DD3140}.Release|x64.Build.0 = Release|Any CPU
		{D01DE9B5-315C-47A1-88BC-705999DD3140}.Release|x86.ActiveCfg = Release|Any CPU
		{D01DE9B5-315C-47A1-88BC-705999DD3140}.Release|x86.Build.0 = Release|Any CPU
		{7D262AA2-6FCA-4F6A-B93E-0C9157ECECEC}.Debug|Any CPU.ActiveCfg = Debug|Any CPU
		{7D262AA2-6FCA-4F6A-B93E-0C9157ECECEC}.Debug|Any CPU.Build.0 = Debug|Any CPU
		{7D262AA2-6FCA-4F6A-B93E-0C9157ECECEC}.Debug|x64.ActiveCfg = Debug|Any CPU
		{7D262AA2-6FCA-4F6A-B93E-0C9157ECECEC}.Debug|x64.Build.0 = Debug|Any CPU
		{7D262AA2-6FCA-4F6A-B93E-0C9157ECECEC}.Debug|x86.ActiveCfg = Debug|Any CPU
		{7D262AA2-6FCA-4F6A-B93E-0C9157ECECEC}.Debug|x86.Build.0 = Debug|Any CPU
		{7D262AA2-6FCA-4F6A-B93E-0C9157ECECEC}.Release|Any CPU.ActiveCfg = Release|Any CPU
		{7D262AA2-6FCA-4F6A-B93E-0C9157ECECEC}.Release|Any CPU.Build.0 = Release|Any CPU
		{7D262AA2-6FCA-4F6A-B93E-0C9157ECECEC}.Release|x64.ActiveCfg = Release|Any CPU
		{7D262AA2-6FCA-4F6A-B93E-0C9157ECECEC}.Release|x64.Build.0 = Release|Any CPU
		{7D262AA2-6FCA-4F6A-B93E-0C9157ECECEC}.Release|x86.ActiveCfg = Release|Any CPU
		{7D262AA2-6FCA-4F6A-B93E-0C9157ECECEC}.Release|x86.Build.0 = Release|Any CPU
		{6FCE1DBE-2965-4535-A3AD-A4903B2F2775}.Debug|Any CPU.ActiveCfg = Debug|Any CPU
		{6FCE1DBE-2965-4535-A3AD-A4903B2F2775}.Debug|Any CPU.Build.0 = Debug|Any CPU
		{6FCE1DBE-2965-4535-A3AD-A4903B2F2775}.Debug|x64.ActiveCfg = Debug|Any CPU
		{6FCE1DBE-2965-4535-A3AD-A4903B2F2775}.Debug|x64.Build.0 = Debug|Any CPU
		{6FCE1DBE-2965-4535-A3AD-A4903B2F2775}.Debug|x86.ActiveCfg = Debug|Any CPU
		{6FCE1DBE-2965-4535-A3AD-A4903B2F2775}.Debug|x86.Build.0 = Debug|Any CPU
		{6FCE1DBE-2965-4535-A3AD-A4903B2F2775}.Release|Any CPU.ActiveCfg = Release|Any CPU
		{6FCE1DBE-2965-4535-A3AD-A4903B2F2775}.Release|Any CPU.Build.0 = Release|Any CPU
		{6FCE1DBE-2965-4535-A3AD-A4903B2F2775}.Release|x64.ActiveCfg = Release|Any CPU
		{6FCE1DBE-2965-4535-A3AD-A4903B2F2775}.Release|x64.Build.0 = Release|Any CPU
		{6FCE1DBE-2965-4535-A3AD-A4903B2F2775}.Release|x86.ActiveCfg = Release|Any CPU
		{6FCE1DBE-2965-4535-A3AD-A4903B2F2775}.Release|x86.Build.0 = Release|Any CPU
		{5E6F3736-56B2-4DC4-B57E-5A339E4C1DB8}.Debug|Any CPU.ActiveCfg = Debug|Any CPU
		{5E6F3736-56B2-4DC4-B57E-5A339E4C1DB8}.Debug|Any CPU.Build.0 = Debug|Any CPU
		{5E6F3736-56B2-4DC4-B57E-5A339E4C1DB8}.Debug|x64.ActiveCfg = Debug|Any CPU
		{5E6F3736-56B2-4DC4-B57E-5A339E4C1DB8}.Debug|x64.Build.0 = Debug|Any CPU
		{5E6F3736-56B2-4DC4-B57E-5A339E4C1DB8}.Debug|x86.ActiveCfg = Debug|Any CPU
		{5E6F3736-56B2-4DC4-B57E-5A339E4C1DB8}.Debug|x86.Build.0 = Debug|Any CPU
		{5E6F3736-56B2-4DC4-B57E-5A339E4C1DB8}.Release|Any CPU.ActiveCfg = Release|Any CPU
		{5E6F3736-56B2-4DC4-B57E-5A339E4C1DB8}.Release|Any CPU.Build.0 = Release|Any CPU
		{5E6F3736-56B2-4DC4-B57E-5A339E4C1DB8}.Release|x64.ActiveCfg = Release|Any CPU
		{5E6F3736-56B2-4DC4-B57E-5A339E4C1DB8}.Release|x64.Build.0 = Release|Any CPU
		{5E6F3736-56B2-4DC4-B57E-5A339E4C1DB8}.Release|x86.ActiveCfg = Release|Any CPU
		{5E6F3736-56B2-4DC4-B57E-5A339E4C1DB8}.Release|x86.Build.0 = Release|Any CPU
		{8A7CBEC4-970E-4032-A83A-C39EC349E2E3}.Debug|Any CPU.ActiveCfg = Debug|Any CPU
		{8A7CBEC4-970E-4032-A83A-C39EC349E2E3}.Debug|Any CPU.Build.0 = Debug|Any CPU
		{8A7CBEC4-970E-4032-A83A-C39EC349E2E3}.Debug|x64.ActiveCfg = Debug|Any CPU
		{8A7CBEC4-970E-4032-A83A-C39EC349E2E3}.Debug|x64.Build.0 = Debug|Any CPU
		{8A7CBEC4-970E-4032-A83A-C39EC349E2E3}.Debug|x86.ActiveCfg = Debug|Any CPU
		{8A7CBEC4-970E-4032-A83A-C39EC349E2E3}.Debug|x86.Build.0 = Debug|Any CPU
		{8A7CBEC4-970E-4032-A83A-C39EC349E2E3}.Release|Any CPU.ActiveCfg = Release|Any CPU
		{8A7CBEC4-970E-4032-A83A-C39EC349E2E3}.Release|Any CPU.Build.0 = Release|Any CPU
		{8A7CBEC4-970E-4032-A83A-C39EC349E2E3}.Release|x64.ActiveCfg = Release|Any CPU
		{8A7CBEC4-970E-4032-A83A-C39EC349E2E3}.Release|x64.Build.0 = Release|Any CPU
		{8A7CBEC4-970E-4032-A83A-C39EC349E2E3}.Release|x86.ActiveCfg = Release|Any CPU
		{8A7CBEC4-970E-4032-A83A-C39EC349E2E3}.Release|x86.Build.0 = Release|Any CPU
		{00BF48BC-15B6-4708-A819-B4F0374E05BF}.Debug|Any CPU.ActiveCfg = Debug|Any CPU
		{00BF48BC-15B6-4708-A819-B4F0374E05BF}.Debug|Any CPU.Build.0 = Debug|Any CPU
		{00BF48BC-15B6-4708-A819-B4F0374E05BF}.Debug|x64.ActiveCfg = Debug|Any CPU
		{00BF48BC-15B6-4708-A819-B4F0374E05BF}.Debug|x64.Build.0 = Debug|Any CPU
		{00BF48BC-15B6-4708-A819-B4F0374E05BF}.Debug|x86.ActiveCfg = Debug|Any CPU
		{00BF48BC-15B6-4708-A819-B4F0374E05BF}.Debug|x86.Build.0 = Debug|Any CPU
		{00BF48BC-15B6-4708-A819-B4F0374E05BF}.Release|Any CPU.ActiveCfg = Release|Any CPU
		{00BF48BC-15B6-4708-A819-B4F0374E05BF}.Release|Any CPU.Build.0 = Release|Any CPU
		{00BF48BC-15B6-4708-A819-B4F0374E05BF}.Release|x64.ActiveCfg = Release|Any CPU
		{00BF48BC-15B6-4708-A819-B4F0374E05BF}.Release|x64.Build.0 = Release|Any CPU
		{00BF48BC-15B6-4708-A819-B4F0374E05BF}.Release|x86.ActiveCfg = Release|Any CPU
		{00BF48BC-15B6-4708-A819-B4F0374E05BF}.Release|x86.Build.0 = Release|Any CPU
		{36B2500C-19EB-4736-A112-10796ADFDA7A}.Debug|Any CPU.ActiveCfg = Debug|Any CPU
		{36B2500C-19EB-4736-A112-10796ADFDA7A}.Debug|Any CPU.Build.0 = Debug|Any CPU
		{36B2500C-19EB-4736-A112-10796ADFDA7A}.Debug|x64.ActiveCfg = Debug|Any CPU
		{36B2500C-19EB-4736-A112-10796ADFDA7A}.Debug|x64.Build.0 = Debug|Any CPU
		{36B2500C-19EB-4736-A112-10796ADFDA7A}.Debug|x86.ActiveCfg = Debug|Any CPU
		{36B2500C-19EB-4736-A112-10796ADFDA7A}.Debug|x86.Build.0 = Debug|Any CPU
		{36B2500C-19EB-4736-A112-10796ADFDA7A}.Release|Any CPU.ActiveCfg = Release|Any CPU
		{36B2500C-19EB-4736-A112-10796ADFDA7A}.Release|Any CPU.Build.0 = Release|Any CPU
		{36B2500C-19EB-4736-A112-10796ADFDA7A}.Release|x64.ActiveCfg = Release|Any CPU
		{36B2500C-19EB-4736-A112-10796ADFDA7A}.Release|x64.Build.0 = Release|Any CPU
		{36B2500C-19EB-4736-A112-10796ADFDA7A}.Release|x86.ActiveCfg = Release|Any CPU
		{36B2500C-19EB-4736-A112-10796ADFDA7A}.Release|x86.Build.0 = Release|Any CPU
		{57699435-10EC-4CA1-983D-9E2E3A43AF47}.Debug|Any CPU.ActiveCfg = Debug|Any CPU
		{57699435-10EC-4CA1-983D-9E2E3A43AF47}.Debug|Any CPU.Build.0 = Debug|Any CPU
		{57699435-10EC-4CA1-983D-9E2E3A43AF47}.Debug|x64.ActiveCfg = Debug|Any CPU
		{57699435-10EC-4CA1-983D-9E2E3A43AF47}.Debug|x64.Build.0 = Debug|Any CPU
		{57699435-10EC-4CA1-983D-9E2E3A43AF47}.Debug|x86.ActiveCfg = Debug|Any CPU
		{57699435-10EC-4CA1-983D-9E2E3A43AF47}.Debug|x86.Build.0 = Debug|Any CPU
		{57699435-10EC-4CA1-983D-9E2E3A43AF47}.Release|Any CPU.ActiveCfg = Release|Any CPU
		{57699435-10EC-4CA1-983D-9E2E3A43AF47}.Release|Any CPU.Build.0 = Release|Any CPU
		{57699435-10EC-4CA1-983D-9E2E3A43AF47}.Release|x64.ActiveCfg = Release|Any CPU
		{57699435-10EC-4CA1-983D-9E2E3A43AF47}.Release|x64.Build.0 = Release|Any CPU
		{57699435-10EC-4CA1-983D-9E2E3A43AF47}.Release|x86.ActiveCfg = Release|Any CPU
		{57699435-10EC-4CA1-983D-9E2E3A43AF47}.Release|x86.Build.0 = Release|Any CPU
		{06A389A7-C3A1-4376-9A70-9CDC8523B026}.Debug|Any CPU.ActiveCfg = Debug|Any CPU
		{06A389A7-C3A1-4376-9A70-9CDC8523B026}.Debug|Any CPU.Build.0 = Debug|Any CPU
		{06A389A7-C3A1-4376-9A70-9CDC8523B026}.Debug|x64.ActiveCfg = Debug|Any CPU
		{06A389A7-C3A1-4376-9A70-9CDC8523B026}.Debug|x64.Build.0 = Debug|Any CPU
		{06A389A7-C3A1-4376-9A70-9CDC8523B026}.Debug|x86.ActiveCfg = Debug|Any CPU
		{06A389A7-C3A1-4376-9A70-9CDC8523B026}.Debug|x86.Build.0 = Debug|Any CPU
		{06A389A7-C3A1-4376-9A70-9CDC8523B026}.Release|Any CPU.ActiveCfg = Release|Any CPU
		{06A389A7-C3A1-4376-9A70-9CDC8523B026}.Release|Any CPU.Build.0 = Release|Any CPU
		{06A389A7-C3A1-4376-9A70-9CDC8523B026}.Release|x64.ActiveCfg = Release|Any CPU
		{06A389A7-C3A1-4376-9A70-9CDC8523B026}.Release|x64.Build.0 = Release|Any CPU
		{06A389A7-C3A1-4376-9A70-9CDC8523B026}.Release|x86.ActiveCfg = Release|Any CPU
		{06A389A7-C3A1-4376-9A70-9CDC8523B026}.Release|x86.Build.0 = Release|Any CPU
		{573CD60D-C97D-4DDF-AA99-4437660167B3}.Debug|Any CPU.ActiveCfg = Debug|Any CPU
		{573CD60D-C97D-4DDF-AA99-4437660167B3}.Debug|Any CPU.Build.0 = Debug|Any CPU
		{573CD60D-C97D-4DDF-AA99-4437660167B3}.Debug|x64.ActiveCfg = Debug|Any CPU
		{573CD60D-C97D-4DDF-AA99-4437660167B3}.Debug|x64.Build.0 = Debug|Any CPU
		{573CD60D-C97D-4DDF-AA99-4437660167B3}.Debug|x86.ActiveCfg = Debug|Any CPU
		{573CD60D-C97D-4DDF-AA99-4437660167B3}.Debug|x86.Build.0 = Debug|Any CPU
		{573CD60D-C97D-4DDF-AA99-4437660167B3}.Release|Any CPU.ActiveCfg = Release|Any CPU
		{573CD60D-C97D-4DDF-AA99-4437660167B3}.Release|Any CPU.Build.0 = Release|Any CPU
		{573CD60D-C97D-4DDF-AA99-4437660167B3}.Release|x64.ActiveCfg = Release|Any CPU
		{573CD60D-C97D-4DDF-AA99-4437660167B3}.Release|x64.Build.0 = Release|Any CPU
		{573CD60D-C97D-4DDF-AA99-4437660167B3}.Release|x86.ActiveCfg = Release|Any CPU
		{573CD60D-C97D-4DDF-AA99-4437660167B3}.Release|x86.Build.0 = Release|Any CPU
		{463E235B-6173-498D-A78B-4BE9A6834A6E}.Debug|Any CPU.ActiveCfg = Debug|Any CPU
		{463E235B-6173-498D-A78B-4BE9A6834A6E}.Debug|Any CPU.Build.0 = Debug|Any CPU
		{463E235B-6173-498D-A78B-4BE9A6834A6E}.Debug|x64.ActiveCfg = Debug|Any CPU
		{463E235B-6173-498D-A78B-4BE9A6834A6E}.Debug|x64.Build.0 = Debug|Any CPU
		{463E235B-6173-498D-A78B-4BE9A6834A6E}.Debug|x86.ActiveCfg = Debug|Any CPU
		{463E235B-6173-498D-A78B-4BE9A6834A6E}.Debug|x86.Build.0 = Debug|Any CPU
		{463E235B-6173-498D-A78B-4BE9A6834A6E}.Release|Any CPU.ActiveCfg = Release|Any CPU
		{463E235B-6173-498D-A78B-4BE9A6834A6E}.Release|Any CPU.Build.0 = Release|Any CPU
		{463E235B-6173-498D-A78B-4BE9A6834A6E}.Release|x64.ActiveCfg = Release|Any CPU
		{463E235B-6173-498D-A78B-4BE9A6834A6E}.Release|x64.Build.0 = Release|Any CPU
		{463E235B-6173-498D-A78B-4BE9A6834A6E}.Release|x86.ActiveCfg = Release|Any CPU
		{463E235B-6173-498D-A78B-4BE9A6834A6E}.Release|x86.Build.0 = Release|Any CPU
	EndGlobalSection
	GlobalSection(SolutionProperties) = preSolution
		HideSolutionNode = FALSE
	EndGlobalSection
	GlobalSection(NestedProjects) = preSolution
		{2AC96ED9-BE17-4201-A89F-8832C23C07E0} = {827E0CD3-B72D-47B6-A68D-7590B98EB39B}
		{F5AFA73D-050C-46CF-8345-537B15CA8022} = {827E0CD3-B72D-47B6-A68D-7590B98EB39B}
		{CB4B3CFE-99F1-4228-944B-F51F17E2CFA5} = {827E0CD3-B72D-47B6-A68D-7590B98EB39B}
		{D01DE9B5-315C-47A1-88BC-705999DD3140} = {827E0CD3-B72D-47B6-A68D-7590B98EB39B}
		{7D262AA2-6FCA-4F6A-B93E-0C9157ECECEC} = {827E0CD3-B72D-47B6-A68D-7590B98EB39B}
		{6FCE1DBE-2965-4535-A3AD-A4903B2F2775} = {827E0CD3-B72D-47B6-A68D-7590B98EB39B}
		{5E6F3736-56B2-4DC4-B57E-5A339E4C1DB8} = {827E0CD3-B72D-47B6-A68D-7590B98EB39B}
		{8A7CBEC4-970E-4032-A83A-C39EC349E2E3} = {827E0CD3-B72D-47B6-A68D-7590B98EB39B}
		{00BF48BC-15B6-4708-A819-B4F0374E05BF} = {827E0CD3-B72D-47B6-A68D-7590B98EB39B}
		{36B2500C-19EB-4736-A112-10796ADFDA7A} = {827E0CD3-B72D-47B6-A68D-7590B98EB39B}
		{57699435-10EC-4CA1-983D-9E2E3A43AF47} = {827E0CD3-B72D-47B6-A68D-7590B98EB39B}
		{06A389A7-C3A1-4376-9A70-9CDC8523B026} = {827E0CD3-B72D-47B6-A68D-7590B98EB39B}
		{573CD60D-C97D-4DDF-AA99-4437660167B3} = {827E0CD3-B72D-47B6-A68D-7590B98EB39B}
		{463E235B-6173-498D-A78B-4BE9A6834A6E} = {827E0CD3-B72D-47B6-A68D-7590B98EB39B}
	EndGlobalSection
EndGlobal
